
Microsoft Visual Studio Solution File, Format Version 12.00
# Visual Studio Version 17
VisualStudioVersion = 17.12.35527.113
MinimumVisualStudioVersion = 10.0.40219.1
Project("{FAE04EC0-301F-11D3-BF4B-00C04F79EFBC}") = "VotingSystem.WebApi", "VotingSystem.WebApi\VotingSystem.WebApi.csproj", "{423448B5-0F3E-47AD-BFDC-F070F9E13D03}"
EndProject
Project("{FAE04EC0-301F-11D3-BF4B-00C04F79EFBC}") = "VotingSystem.DataAccess", "VotingSystem.DataAccess\VotingSystem.DataAccess.csproj", "{AB0CB098-9033-4706-9D3E-CA19B31C4D43}"
EndProject
Project("{FAE04EC0-301F-11D3-BF4B-00C04F79EFBC}") = "VotingSystem.Shared", "VotingSystem.Shared\VotingSystem.Shared.csproj", "{1C381B91-94B0-4912-B81D-E3F7D3A280A5}"
EndProject
Project("{54A90642-561A-4BB1-A94E-469ADEE60C69}") = "votingsystemreact", "VotingSystemReact\votingsystemreact.esproj", "{1037897C-C43E-453B-BBF7-7820B51F452C}"
EndProject
Global
	GlobalSection(SolutionConfigurationPlatforms) = preSolution
		Debug|Any CPU = Debug|Any CPU
		Release|Any CPU = Release|Any CPU
	EndGlobalSection
	GlobalSection(ProjectConfigurationPlatforms) = postSolution
		{423448B5-0F3E-47AD-BFDC-F070F9E13D03}.Debug|Any CPU.ActiveCfg = Debug|Any CPU
		{423448B5-0F3E-47AD-BFDC-F070F9E13D03}.Debug|Any CPU.Build.0 = Debug|Any CPU
		{423448B5-0F3E-47AD-BFDC-F070F9E13D03}.Release|Any CPU.ActiveCfg = Release|Any CPU
		{423448B5-0F3E-47AD-BFDC-F070F9E13D03}.Release|Any CPU.Build.0 = Release|Any CPU
		{AB0CB098-9033-4706-9D3E-CA19B31C4D43}.Debug|Any CPU.ActiveCfg = Debug|Any CPU
		{AB0CB098-9033-4706-9D3E-CA19B31C4D43}.Debug|Any CPU.Build.0 = Debug|Any CPU
		{AB0CB098-9033-4706-9D3E-CA19B31C4D43}.Release|Any CPU.ActiveCfg = Release|Any CPU
		{AB0CB098-9033-4706-9D3E-CA19B31C4D43}.Release|Any CPU.Build.0 = Release|Any CPU
		{1C381B91-94B0-4912-B81D-E3F7D3A280A5}.Debug|Any CPU.ActiveCfg = Debug|Any CPU
		{1C381B91-94B0-4912-B81D-E3F7D3A280A5}.Debug|Any CPU.Build.0 = Debug|Any CPU
		{1C381B91-94B0-4912-B81D-E3F7D3A280A5}.Release|Any CPU.ActiveCfg = Release|Any CPU
		{1C381B91-94B0-4912-B81D-E3F7D3A280A5}.Release|Any CPU.Build.0 = Release|Any CPU
		{1037897C-C43E-453B-BBF7-7820B51F452C}.Debug|Any CPU.ActiveCfg = Debug|Any CPU
		{1037897C-C43E-453B-BBF7-7820B51F452C}.Debug|Any CPU.Build.0 = Debug|Any CPU
		{1037897C-C43E-453B-BBF7-7820B51F452C}.Debug|Any CPU.Deploy.0 = Debug|Any CPU
		{1037897C-C43E-453B-BBF7-7820B51F452C}.Release|Any CPU.ActiveCfg = Release|Any CPU
		{1037897C-C43E-453B-BBF7-7820B51F452C}.Release|Any CPU.Build.0 = Release|Any CPU
		{1037897C-C43E-453B-BBF7-7820B51F452C}.Release|Any CPU.Deploy.0 = Release|Any CPU
	EndGlobalSection
	GlobalSection(SolutionProperties) = preSolution
		HideSolutionNode = FALSE
	EndGlobalSection
EndGlobal
